
Microsoft Visual Studio Solution File, Format Version 12.00
# Visual Studio Version 17
VisualStudioVersion = 17.0.32014.148
MinimumVisualStudioVersion = 10.0.40219.1
Project("{9A19103F-16F7-4668-BE54-9A1E7A4F7556}") = "ReserveTaPlace.CAPP", "ReserveTaPlaceConsole\ReserveTaPlace.CAPP.csproj", "{84938EBB-61E4-483A-8C04-DC32879F46D0}"
EndProject
Project("{9A19103F-16F7-4668-BE54-9A1E7A4F7556}") = "ReserveTaPlace.Models", "ReserveTaPlace.Models\ReserveTaPlace.Models.csproj", "{6F23AB86-D3AC-4611-9352-54872E628AED}"
EndProject
Project("{9A19103F-16F7-4668-BE54-9A1E7A4F7556}") = "ReserveTaPlace.Persistance", "ReserveTaPlace.Persistance\ReserveTaPlace.Persistance.csproj", "{B67A1D07-15F2-4B13-8786-CA292A016D62}"
EndProject
Project("{9A19103F-16F7-4668-BE54-9A1E7A4F7556}") = "ReserveTaPlace.Logic", "ReserveTaPlace.Logic\ReserveTaPlace.Logic.csproj", "{526B2E7E-5618-4AF4-99A1-DAE923FCA695}"
EndProject
Project("{9A19103F-16F7-4668-BE54-9A1E7A4F7556}") = "ReserveTaPlace.Wpf", "ReserveTaPlace.Wpf\ReserveTaPlace.Wpf.csproj", "{F739D4E8-6524-4974-BAA5-C1D7A4F7CDD0}"
EndProject
Project("{9A19103F-16F7-4668-BE54-9A1E7A4F7556}") = "ReserveTaPlace.DTOS", "ReserveTaPlace.DTOS\ReserveTaPlace.DTOS.csproj", "{68F04033-4FAC-4AC9-9B1C-E7EE45A23EB6}"
EndProject
Project("{9A19103F-16F7-4668-BE54-9A1E7A4F7556}") = "ReserveTaPlace.Extensions", "ResrveTaPlace.Extensions\ReserveTaPlace.Extensions.csproj", "{0F66583F-3738-4355-B317-AF5363DD7CF0}"
EndProject
Project("{9A19103F-16F7-4668-BE54-9A1E7A4F7556}") = "ReserveTaPlace.Data", "ReserveTaPlace.Data\ReserveTaPlace.Data.csproj", "{AF7EFD42-81C8-475F-A35D-A1E45F158A39}"
EndProject
Project("{9A19103F-16F7-4668-BE54-9A1E7A4F7556}") = "ReserveTaPlace.MovieDataBaseService", "ReserveTaPlace.MovieDataBaseService\ReserveTaPlace.MovieDataBaseService.csproj", "{9096AEA5-3033-49B9-8E51-3F62EA2BFB43}"
EndProject
Project("{9A19103F-16F7-4668-BE54-9A1E7A4F7556}") = "ReserveTaPlace.Entities", "ReserveTaPlace.Entities\ReserveTaPlace.Entities.csproj", "{7DE26FA3-DAF5-4802-8D16-A011EB1C3FD6}"
EndProject
Project("{9A19103F-16F7-4668-BE54-9A1E7A4F7556}") = "ReserveTaPlace.API", "ReserveTaPlace.API\ReserveTaPlace.API.csproj", "{63227ADB-0108-443E-981E-9018615823C5}"
EndProject
Project("{9A19103F-16F7-4668-BE54-9A1E7A4F7556}") = "ReserveTaPlace.API.Test", "ReserveTaPlace.Tests\ReserveTaPlace.API.Test.csproj", "{FE536C4A-4D1D-487C-84F6-7F9BBD138A68}"
EndProject
Project("{2150E333-8FDC-42A3-9474-1A3956D46DE8}") = "Client", "Client", "{266E4208-FF18-4856-A230-00278AFF4A35}"
EndProject
Project("{2150E333-8FDC-42A3-9474-1A3956D46DE8}") = "Cloud", "Cloud", "{A8B7F0E7-95C9-4DFC-B93E-DD7F0A084746}"
EndProject
Project("{2150E333-8FDC-42A3-9474-1A3956D46DE8}") = "DATA", "DATA", "{8EE866D9-AD1F-464C-868F-F17B52A59666}"
EndProject
Project("{2150E333-8FDC-42A3-9474-1A3956D46DE8}") = "Shared", "Shared", "{F7BE5DEA-D7C9-41F3-A229-68636BDB85A3}"
EndProject
Project("{9A19103F-16F7-4668-BE54-9A1E7A4F7556}") = "ReserveTaPlace.TestPerf", "ReserveTaPlace.TestPerf\ReserveTaPlace.TestPerf.csproj", "{841216BB-98A2-4484-B086-469824C5A9EC}"
EndProject
Project("{FAE04EC0-301F-11D3-BF4B-00C04F79EFBC}") = "ReserveTaPlace.Wpf.Tests", "ReserveTaPlace.Wpf.Tests\ReserveTaPlace.Wpf.Tests.csproj", "{AC07D56C-14D1-4D20-A2DD-DF02BEB95859}"
EndProject
Project("{2150E333-8FDC-42A3-9474-1A3956D46DE8}") = "Tests", "Tests", "{E175D30A-A583-4E0A-9D5B-49AB5145A661}"
EndProject
Global
	GlobalSection(SolutionConfigurationPlatforms) = preSolution
		Debug|Any CPU = Debug|Any CPU
		Release|Any CPU = Release|Any CPU
	EndGlobalSection
	GlobalSection(ProjectConfigurationPlatforms) = postSolution
		{84938EBB-61E4-483A-8C04-DC32879F46D0}.Debug|Any CPU.ActiveCfg = Debug|Any CPU
		{84938EBB-61E4-483A-8C04-DC32879F46D0}.Debug|Any CPU.Build.0 = Debug|Any CPU
		{84938EBB-61E4-483A-8C04-DC32879F46D0}.Release|Any CPU.ActiveCfg = Release|Any CPU
		{84938EBB-61E4-483A-8C04-DC32879F46D0}.Release|Any CPU.Build.0 = Release|Any CPU
		{6F23AB86-D3AC-4611-9352-54872E628AED}.Debug|Any CPU.ActiveCfg = Debug|Any CPU
		{6F23AB86-D3AC-4611-9352-54872E628AED}.Debug|Any CPU.Build.0 = Debug|Any CPU
		{6F23AB86-D3AC-4611-9352-54872E628AED}.Release|Any CPU.ActiveCfg = Release|Any CPU
		{6F23AB86-D3AC-4611-9352-54872E628AED}.Release|Any CPU.Build.0 = Release|Any CPU
		{B67A1D07-15F2-4B13-8786-CA292A016D62}.Debug|Any CPU.ActiveCfg = Debug|Any CPU
		{B67A1D07-15F2-4B13-8786-CA292A016D62}.Debug|Any CPU.Build.0 = Debug|Any CPU
		{B67A1D07-15F2-4B13-8786-CA292A016D62}.Release|Any CPU.ActiveCfg = Release|Any CPU
		{B67A1D07-15F2-4B13-8786-CA292A016D62}.Release|Any CPU.Build.0 = Release|Any CPU
		{526B2E7E-5618-4AF4-99A1-DAE923FCA695}.Debug|Any CPU.ActiveCfg = Debug|Any CPU
		{526B2E7E-5618-4AF4-99A1-DAE923FCA695}.Debug|Any CPU.Build.0 = Debug|Any CPU
		{526B2E7E-5618-4AF4-99A1-DAE923FCA695}.Release|Any CPU.ActiveCfg = Release|Any CPU
		{526B2E7E-5618-4AF4-99A1-DAE923FCA695}.Release|Any CPU.Build.0 = Release|Any CPU
		{F739D4E8-6524-4974-BAA5-C1D7A4F7CDD0}.Debug|Any CPU.ActiveCfg = Debug|Any CPU
		{F739D4E8-6524-4974-BAA5-C1D7A4F7CDD0}.Debug|Any CPU.Build.0 = Debug|Any CPU
		{F739D4E8-6524-4974-BAA5-C1D7A4F7CDD0}.Release|Any CPU.ActiveCfg = Release|Any CPU
		{F739D4E8-6524-4974-BAA5-C1D7A4F7CDD0}.Release|Any CPU.Build.0 = Release|Any CPU
		{68F04033-4FAC-4AC9-9B1C-E7EE45A23EB6}.Debug|Any CPU.ActiveCfg = Debug|Any CPU
		{68F04033-4FAC-4AC9-9B1C-E7EE45A23EB6}.Debug|Any CPU.Build.0 = Debug|Any CPU
		{68F04033-4FAC-4AC9-9B1C-E7EE45A23EB6}.Release|Any CPU.ActiveCfg = Release|Any CPU
		{68F04033-4FAC-4AC9-9B1C-E7EE45A23EB6}.Release|Any CPU.Build.0 = Release|Any CPU
		{0F66583F-3738-4355-B317-AF5363DD7CF0}.Debug|Any CPU.ActiveCfg = Debug|Any CPU
		{0F66583F-3738-4355-B317-AF5363DD7CF0}.Debug|Any CPU.Build.0 = Debug|Any CPU
		{0F66583F-3738-4355-B317-AF5363DD7CF0}.Release|Any CPU.ActiveCfg = Release|Any CPU
		{0F66583F-3738-4355-B317-AF5363DD7CF0}.Release|Any CPU.Build.0 = Release|Any CPU
		{AF7EFD42-81C8-475F-A35D-A1E45F158A39}.Debug|Any CPU.ActiveCfg = Debug|Any CPU
		{AF7EFD42-81C8-475F-A35D-A1E45F158A39}.Debug|Any CPU.Build.0 = Debug|Any CPU
		{AF7EFD42-81C8-475F-A35D-A1E45F158A39}.Release|Any CPU.ActiveCfg = Release|Any CPU
		{AF7EFD42-81C8-475F-A35D-A1E45F158A39}.Release|Any CPU.Build.0 = Release|Any CPU
		{9096AEA5-3033-49B9-8E51-3F62EA2BFB43}.Debug|Any CPU.ActiveCfg = Debug|Any CPU
		{9096AEA5-3033-49B9-8E51-3F62EA2BFB43}.Debug|Any CPU.Build.0 = Debug|Any CPU
		{9096AEA5-3033-49B9-8E51-3F62EA2BFB43}.Release|Any CPU.ActiveCfg = Release|Any CPU
		{9096AEA5-3033-49B9-8E51-3F62EA2BFB43}.Release|Any CPU.Build.0 = Release|Any CPU
		{7DE26FA3-DAF5-4802-8D16-A011EB1C3FD6}.Debug|Any CPU.ActiveCfg = Debug|Any CPU
		{7DE26FA3-DAF5-4802-8D16-A011EB1C3FD6}.Debug|Any CPU.Build.0 = Debug|Any CPU
		{7DE26FA3-DAF5-4802-8D16-A011EB1C3FD6}.Release|Any CPU.ActiveCfg = Release|Any CPU
		{7DE26FA3-DAF5-4802-8D16-A011EB1C3FD6}.Release|Any CPU.Build.0 = Release|Any CPU
		{63227ADB-0108-443E-981E-9018615823C5}.Debug|Any CPU.ActiveCfg = Debug|Any CPU
		{63227ADB-0108-443E-981E-9018615823C5}.Debug|Any CPU.Build.0 = Debug|Any CPU
		{63227ADB-0108-443E-981E-9018615823C5}.Release|Any CPU.ActiveCfg = Release|Any CPU
		{63227ADB-0108-443E-981E-9018615823C5}.Release|Any CPU.Build.0 = Release|Any CPU
		{FE536C4A-4D1D-487C-84F6-7F9BBD138A68}.Debug|Any CPU.ActiveCfg = Debug|Any CPU
		{FE536C4A-4D1D-487C-84F6-7F9BBD138A68}.Debug|Any CPU.Build.0 = Debug|Any CPU
		{FE536C4A-4D1D-487C-84F6-7F9BBD138A68}.Release|Any CPU.ActiveCfg = Release|Any CPU
		{FE536C4A-4D1D-487C-84F6-7F9BBD138A68}.Release|Any CPU.Build.0 = Release|Any CPU
		{841216BB-98A2-4484-B086-469824C5A9EC}.Debug|Any CPU.ActiveCfg = Release|Any CPU
		{841216BB-98A2-4484-B086-469824C5A9EC}.Debug|Any CPU.Build.0 = Release|Any CPU
		{841216BB-98A2-4484-B086-469824C5A9EC}.Release|Any CPU.ActiveCfg = Release|Any CPU
		{841216BB-98A2-4484-B086-469824C5A9EC}.Release|Any CPU.Build.0 = Release|Any CPU
		{AC07D56C-14D1-4D20-A2DD-DF02BEB95859}.Debug|Any CPU.ActiveCfg = Debug|Any CPU
		{AC07D56C-14D1-4D20-A2DD-DF02BEB95859}.Debug|Any CPU.Build.0 = Debug|Any CPU
		{AC07D56C-14D1-4D20-A2DD-DF02BEB95859}.Release|Any CPU.ActiveCfg = Release|Any CPU
		{AC07D56C-14D1-4D20-A2DD-DF02BEB95859}.Release|Any CPU.Build.0 = Release|Any CPU
	EndGlobalSection
	GlobalSection(SolutionProperties) = preSolution
		HideSolutionNode = FALSE
	EndGlobalSection
	GlobalSection(NestedProjects) = preSolution
		{84938EBB-61E4-483A-8C04-DC32879F46D0} = {266E4208-FF18-4856-A230-00278AFF4A35}
		{6F23AB86-D3AC-4611-9352-54872E628AED} = {F7BE5DEA-D7C9-41F3-A229-68636BDB85A3}
		{B67A1D07-15F2-4B13-8786-CA292A016D62} = {8EE866D9-AD1F-464C-868F-F17B52A59666}
		{526B2E7E-5618-4AF4-99A1-DAE923FCA695} = {F7BE5DEA-D7C9-41F3-A229-68636BDB85A3}
		{F739D4E8-6524-4974-BAA5-C1D7A4F7CDD0} = {266E4208-FF18-4856-A230-00278AFF4A35}
		{68F04033-4FAC-4AC9-9B1C-E7EE45A23EB6} = {F7BE5DEA-D7C9-41F3-A229-68636BDB85A3}
		{0F66583F-3738-4355-B317-AF5363DD7CF0} = {F7BE5DEA-D7C9-41F3-A229-68636BDB85A3}
		{AF7EFD42-81C8-475F-A35D-A1E45F158A39} = {8EE866D9-AD1F-464C-868F-F17B52A59666}
		{9096AEA5-3033-49B9-8E51-3F62EA2BFB43} = {A8B7F0E7-95C9-4DFC-B93E-DD7F0A084746}
		{7DE26FA3-DAF5-4802-8D16-A011EB1C3FD6} = {F7BE5DEA-D7C9-41F3-A229-68636BDB85A3}
		{63227ADB-0108-443E-981E-9018615823C5} = {A8B7F0E7-95C9-4DFC-B93E-DD7F0A084746}
		{FE536C4A-4D1D-487C-84F6-7F9BBD138A68} = {E175D30A-A583-4E0A-9D5B-49AB5145A661}
		{841216BB-98A2-4484-B086-469824C5A9EC} = {E175D30A-A583-4E0A-9D5B-49AB5145A661}
		{AC07D56C-14D1-4D20-A2DD-DF02BEB95859} = {E175D30A-A583-4E0A-9D5B-49AB5145A661}
	EndGlobalSection
	GlobalSection(ExtensibilityGlobals) = postSolution
		SolutionGuid = {A655979C-D0A6-450A-A035-C02BB284FE54}
	EndGlobalSection
EndGlobal
