
Microsoft Visual Studio Solution File, Format Version 12.00
# Visual Studio Version 17
VisualStudioVersion = 17.0.32014.148
MinimumVisualStudioVersion = 10.0.40219.1
Project("{9A19103F-16F7-4668-BE54-9A1E7A4F7556}") = "ReserveTaPlaceConsole", "ReserveTaPlaceConsole\ReserveTaPlaceConsole.csproj", "{84938EBB-61E4-483A-8C04-DC32879F46D0}"
EndProject
Project("{9A19103F-16F7-4668-BE54-9A1E7A4F7556}") = "ReserveTaPlace.Models", "ReserveTaPlace.Models\ReserveTaPlace.Models.csproj", "{6F23AB86-D3AC-4611-9352-54872E628AED}"
EndProject
Project("{9A19103F-16F7-4668-BE54-9A1E7A4F7556}") = "ReserveTaPlace.Persistance", "ReserveTaPlace.Persistance\ReserveTaPlace.Persistance.csproj", "{B67A1D07-15F2-4B13-8786-CA292A016D62}"
EndProject
Project("{9A19103F-16F7-4668-BE54-9A1E7A4F7556}") = "ConsoleManager", "..\..\Formation\ConsoleManager\ConsoleManager\ConsoleManager.csproj", "{52A43273-FC20-4486-BEFE-557638F89F52}"
EndProject
Project("{9A19103F-16F7-4668-BE54-9A1E7A4F7556}") = "ConsoleManager.Logic", "..\..\Formation\ConsoleManager\ConsoleManage.Logic\ConsoleManager.Logic.csproj", "{C7197104-37B9-4390-82E2-B2247FF26023}"
EndProject
Project("{9A19103F-16F7-4668-BE54-9A1E7A4F7556}") = "ConsoleManager.Data", "..\..\Formation\ConsoleManager\ConsoleManager.Class\ConsoleManager.Data.csproj", "{CBAECBC9-74FA-4C68-8AA7-1228F2D34C4F}"
EndProject
Global
	GlobalSection(SolutionConfigurationPlatforms) = preSolution
		Debug|Any CPU = Debug|Any CPU
		Release|Any CPU = Release|Any CPU
	EndGlobalSection
	GlobalSection(ProjectConfigurationPlatforms) = postSolution
		{84938EBB-61E4-483A-8C04-DC32879F46D0}.Debug|Any CPU.ActiveCfg = Debug|Any CPU
		{84938EBB-61E4-483A-8C04-DC32879F46D0}.Debug|Any CPU.Build.0 = Debug|Any CPU
		{84938EBB-61E4-483A-8C04-DC32879F46D0}.Release|Any CPU.ActiveCfg = Release|Any CPU
		{84938EBB-61E4-483A-8C04-DC32879F46D0}.Release|Any CPU.Build.0 = Release|Any CPU
		{6F23AB86-D3AC-4611-9352-54872E628AED}.Debug|Any CPU.ActiveCfg = Debug|Any CPU
		{6F23AB86-D3AC-4611-9352-54872E628AED}.Debug|Any CPU.Build.0 = Debug|Any CPU
		{6F23AB86-D3AC-4611-9352-54872E628AED}.Release|Any CPU.ActiveCfg = Release|Any CPU
		{6F23AB86-D3AC-4611-9352-54872E628AED}.Release|Any CPU.Build.0 = Release|Any CPU
		{B67A1D07-15F2-4B13-8786-CA292A016D62}.Debug|Any CPU.ActiveCfg = Debug|Any CPU
		{B67A1D07-15F2-4B13-8786-CA292A016D62}.Debug|Any CPU.Build.0 = Debug|Any CPU
		{B67A1D07-15F2-4B13-8786-CA292A016D62}.Release|Any CPU.ActiveCfg = Release|Any CPU
		{B67A1D07-15F2-4B13-8786-CA292A016D62}.Release|Any CPU.Build.0 = Release|Any CPU
		{52A43273-FC20-4486-BEFE-557638F89F52}.Debug|Any CPU.ActiveCfg = Debug|Any CPU
		{52A43273-FC20-4486-BEFE-557638F89F52}.Debug|Any CPU.Build.0 = Debug|Any CPU
		{52A43273-FC20-4486-BEFE-557638F89F52}.Release|Any CPU.ActiveCfg = Release|Any CPU
		{52A43273-FC20-4486-BEFE-557638F89F52}.Release|Any CPU.Build.0 = Release|Any CPU
		{C7197104-37B9-4390-82E2-B2247FF26023}.Debug|Any CPU.ActiveCfg = Debug|Any CPU
		{C7197104-37B9-4390-82E2-B2247FF26023}.Debug|Any CPU.Build.0 = Debug|Any CPU
		{C7197104-37B9-4390-82E2-B2247FF26023}.Release|Any CPU.ActiveCfg = Release|Any CPU
		{C7197104-37B9-4390-82E2-B2247FF26023}.Release|Any CPU.Build.0 = Release|Any CPU
		{CBAECBC9-74FA-4C68-8AA7-1228F2D34C4F}.Debug|Any CPU.ActiveCfg = Debug|Any CPU
		{CBAECBC9-74FA-4C68-8AA7-1228F2D34C4F}.Debug|Any CPU.Build.0 = Debug|Any CPU
		{CBAECBC9-74FA-4C68-8AA7-1228F2D34C4F}.Release|Any CPU.ActiveCfg = Release|Any CPU
		{CBAECBC9-74FA-4C68-8AA7-1228F2D34C4F}.Release|Any CPU.Build.0 = Release|Any CPU
	EndGlobalSection
	GlobalSection(SolutionProperties) = preSolution
		HideSolutionNode = FALSE
	EndGlobalSection
	GlobalSection(ExtensibilityGlobals) = postSolution
		SolutionGuid = {A655979C-D0A6-450A-A035-C02BB284FE54}
	EndGlobalSection
EndGlobal
