
Microsoft Visual Studio Solution File, Format Version 12.00
# Visual Studio Version 17
VisualStudioVersion = 17.0.32014.148
MinimumVisualStudioVersion = 10.0.40219.1
Project("{9A19103F-16F7-4668-BE54-9A1E7A4F7556}") = "ReserveTaPlace.Console", "ReserveTaPlaceConsole\ReserveTaPlace.Console.csproj", "{84938EBB-61E4-483A-8C04-DC32879F46D0}"
EndProject
Project("{9A19103F-16F7-4668-BE54-9A1E7A4F7556}") = "ReserveTaPlace.Models", "ReserveTaPlace.Models\ReserveTaPlace.Models.csproj", "{6F23AB86-D3AC-4611-9352-54872E628AED}"
EndProject
Project("{9A19103F-16F7-4668-BE54-9A1E7A4F7556}") = "ReserveTaPlace.Persistance", "ReserveTaPlace.Persistance\ReserveTaPlace.Persistance.csproj", "{B67A1D07-15F2-4B13-8786-CA292A016D62}"
EndProject
Project("{9A19103F-16F7-4668-BE54-9A1E7A4F7556}") = "ConsoleManager.Logic", "ConsoleManage.Logic\ConsoleManager.Logic.csproj", "{B1C86675-86D4-4B23-88ED-A12063177C0C}"
EndProject
Project("{9A19103F-16F7-4668-BE54-9A1E7A4F7556}") = "ConsoleManager", "ConsoleManager\ConsoleManager.csproj", "{AF995AA2-E23A-4F2F-AB4B-6F6C423963AC}"
EndProject
Project("{9A19103F-16F7-4668-BE54-9A1E7A4F7556}") = "ConsoleManager.Data", "ConsoleManager.Class\ConsoleManager.Data.csproj", "{496CE91D-45E9-4C16-9BDC-E76CDDC0A4E4}"
EndProject
Project("{9A19103F-16F7-4668-BE54-9A1E7A4F7556}") = "ReserveTaPlace.Logic", "ReserveTaPlace.Logic\ReserveTaPlace.Logic.csproj", "{526B2E7E-5618-4AF4-99A1-DAE923FCA695}"
EndProject
Project("{9A19103F-16F7-4668-BE54-9A1E7A4F7556}") = "ReserveTaPlace.Wpf", "ReserveTaPlace.Wpf\ReserveTaPlace.Wpf.csproj", "{F739D4E8-6524-4974-BAA5-C1D7A4F7CDD0}"
EndProject
Project("{FAE04EC0-301F-11D3-BF4B-00C04F79EFBC}") = "ReserveTaPlace.Wcf", "ReserveTaPlace.wcf\ReserveTaPlace.Wcf.csproj", "{62F37905-7F84-4E6B-926C-1B85F87663AD}"
EndProject
Project("{9A19103F-16F7-4668-BE54-9A1E7A4F7556}") = "ReserveTaPlace.DTOS", "ReserveTaPlace.DTOS\ReserveTaPlace.DTOS.csproj", "{68F04033-4FAC-4AC9-9B1C-E7EE45A23EB6}"
EndProject
Project("{9A19103F-16F7-4668-BE54-9A1E7A4F7556}") = "ReserveTaPlace.Extensions", "ResrveTaPlace.Extensions\ReserveTaPlace.Extensions.csproj", "{0F66583F-3738-4355-B317-AF5363DD7CF0}"
EndProject
Project("{9A19103F-16F7-4668-BE54-9A1E7A4F7556}") = "ReserveTaPlace.Data", "ReserveTaPlace.Data\ReserveTaPlace.Data.csproj", "{AF7EFD42-81C8-475F-A35D-A1E45F158A39}"
EndProject
Project("{9A19103F-16F7-4668-BE54-9A1E7A4F7556}") = "ReserveTaPlace.MovieDataBaseService", "ReserveTaPlace.MovieDataBaseService\ReserveTaPlace.MovieDataBaseService.csproj", "{9096AEA5-3033-49B9-8E51-3F62EA2BFB43}"
EndProject
Project("{9A19103F-16F7-4668-BE54-9A1E7A4F7556}") = "PatternObserver", "PatternObserver\PatternObserver.csproj", "{06B2B4D9-B332-44F8-8886-567D573DF565}"
EndProject
Project("{FAE04EC0-301F-11D3-BF4B-00C04F79EFBC}") = "ReserveTaPlace.bdd", "ReserveTaPlace.bdd\ReserveTaPlace.bdd.csproj", "{F1B914BD-D23B-4D05-AFAC-3A46B102564B}"
EndProject
Global
	GlobalSection(SolutionConfigurationPlatforms) = preSolution
		Debug|Any CPU = Debug|Any CPU
		Release|Any CPU = Release|Any CPU
	EndGlobalSection
	GlobalSection(ProjectConfigurationPlatforms) = postSolution
		{84938EBB-61E4-483A-8C04-DC32879F46D0}.Debug|Any CPU.ActiveCfg = Debug|Any CPU
		{84938EBB-61E4-483A-8C04-DC32879F46D0}.Debug|Any CPU.Build.0 = Debug|Any CPU
		{84938EBB-61E4-483A-8C04-DC32879F46D0}.Release|Any CPU.ActiveCfg = Release|Any CPU
		{84938EBB-61E4-483A-8C04-DC32879F46D0}.Release|Any CPU.Build.0 = Release|Any CPU
		{6F23AB86-D3AC-4611-9352-54872E628AED}.Debug|Any CPU.ActiveCfg = Debug|Any CPU
		{6F23AB86-D3AC-4611-9352-54872E628AED}.Debug|Any CPU.Build.0 = Debug|Any CPU
		{6F23AB86-D3AC-4611-9352-54872E628AED}.Release|Any CPU.ActiveCfg = Release|Any CPU
		{6F23AB86-D3AC-4611-9352-54872E628AED}.Release|Any CPU.Build.0 = Release|Any CPU
		{B67A1D07-15F2-4B13-8786-CA292A016D62}.Debug|Any CPU.ActiveCfg = Debug|Any CPU
		{B67A1D07-15F2-4B13-8786-CA292A016D62}.Debug|Any CPU.Build.0 = Debug|Any CPU
		{B67A1D07-15F2-4B13-8786-CA292A016D62}.Release|Any CPU.ActiveCfg = Release|Any CPU
		{B67A1D07-15F2-4B13-8786-CA292A016D62}.Release|Any CPU.Build.0 = Release|Any CPU
		{B1C86675-86D4-4B23-88ED-A12063177C0C}.Debug|Any CPU.ActiveCfg = Debug|Any CPU
		{B1C86675-86D4-4B23-88ED-A12063177C0C}.Debug|Any CPU.Build.0 = Debug|Any CPU
		{B1C86675-86D4-4B23-88ED-A12063177C0C}.Release|Any CPU.ActiveCfg = Release|Any CPU
		{B1C86675-86D4-4B23-88ED-A12063177C0C}.Release|Any CPU.Build.0 = Release|Any CPU
		{AF995AA2-E23A-4F2F-AB4B-6F6C423963AC}.Debug|Any CPU.ActiveCfg = Debug|Any CPU
		{AF995AA2-E23A-4F2F-AB4B-6F6C423963AC}.Debug|Any CPU.Build.0 = Debug|Any CPU
		{AF995AA2-E23A-4F2F-AB4B-6F6C423963AC}.Release|Any CPU.ActiveCfg = Release|Any CPU
		{AF995AA2-E23A-4F2F-AB4B-6F6C423963AC}.Release|Any CPU.Build.0 = Release|Any CPU
		{496CE91D-45E9-4C16-9BDC-E76CDDC0A4E4}.Debug|Any CPU.ActiveCfg = Debug|Any CPU
		{496CE91D-45E9-4C16-9BDC-E76CDDC0A4E4}.Debug|Any CPU.Build.0 = Debug|Any CPU
		{496CE91D-45E9-4C16-9BDC-E76CDDC0A4E4}.Release|Any CPU.ActiveCfg = Release|Any CPU
		{496CE91D-45E9-4C16-9BDC-E76CDDC0A4E4}.Release|Any CPU.Build.0 = Release|Any CPU
		{526B2E7E-5618-4AF4-99A1-DAE923FCA695}.Debug|Any CPU.ActiveCfg = Debug|Any CPU
		{526B2E7E-5618-4AF4-99A1-DAE923FCA695}.Debug|Any CPU.Build.0 = Debug|Any CPU
		{526B2E7E-5618-4AF4-99A1-DAE923FCA695}.Release|Any CPU.ActiveCfg = Release|Any CPU
		{526B2E7E-5618-4AF4-99A1-DAE923FCA695}.Release|Any CPU.Build.0 = Release|Any CPU
		{F739D4E8-6524-4974-BAA5-C1D7A4F7CDD0}.Debug|Any CPU.ActiveCfg = Debug|Any CPU
		{F739D4E8-6524-4974-BAA5-C1D7A4F7CDD0}.Debug|Any CPU.Build.0 = Debug|Any CPU
		{F739D4E8-6524-4974-BAA5-C1D7A4F7CDD0}.Release|Any CPU.ActiveCfg = Release|Any CPU
		{F739D4E8-6524-4974-BAA5-C1D7A4F7CDD0}.Release|Any CPU.Build.0 = Release|Any CPU
		{62F37905-7F84-4E6B-926C-1B85F87663AD}.Debug|Any CPU.ActiveCfg = Debug|Any CPU
		{62F37905-7F84-4E6B-926C-1B85F87663AD}.Debug|Any CPU.Build.0 = Debug|Any CPU
		{62F37905-7F84-4E6B-926C-1B85F87663AD}.Release|Any CPU.ActiveCfg = Release|Any CPU
		{62F37905-7F84-4E6B-926C-1B85F87663AD}.Release|Any CPU.Build.0 = Release|Any CPU
		{68F04033-4FAC-4AC9-9B1C-E7EE45A23EB6}.Debug|Any CPU.ActiveCfg = Debug|Any CPU
		{68F04033-4FAC-4AC9-9B1C-E7EE45A23EB6}.Debug|Any CPU.Build.0 = Debug|Any CPU
		{68F04033-4FAC-4AC9-9B1C-E7EE45A23EB6}.Release|Any CPU.ActiveCfg = Release|Any CPU
		{68F04033-4FAC-4AC9-9B1C-E7EE45A23EB6}.Release|Any CPU.Build.0 = Release|Any CPU
		{0F66583F-3738-4355-B317-AF5363DD7CF0}.Debug|Any CPU.ActiveCfg = Debug|Any CPU
		{0F66583F-3738-4355-B317-AF5363DD7CF0}.Debug|Any CPU.Build.0 = Debug|Any CPU
		{0F66583F-3738-4355-B317-AF5363DD7CF0}.Release|Any CPU.ActiveCfg = Release|Any CPU
		{0F66583F-3738-4355-B317-AF5363DD7CF0}.Release|Any CPU.Build.0 = Release|Any CPU
		{AF7EFD42-81C8-475F-A35D-A1E45F158A39}.Debug|Any CPU.ActiveCfg = Debug|Any CPU
		{AF7EFD42-81C8-475F-A35D-A1E45F158A39}.Debug|Any CPU.Build.0 = Debug|Any CPU
		{AF7EFD42-81C8-475F-A35D-A1E45F158A39}.Release|Any CPU.ActiveCfg = Release|Any CPU
		{AF7EFD42-81C8-475F-A35D-A1E45F158A39}.Release|Any CPU.Build.0 = Release|Any CPU
		{9096AEA5-3033-49B9-8E51-3F62EA2BFB43}.Debug|Any CPU.ActiveCfg = Debug|Any CPU
		{9096AEA5-3033-49B9-8E51-3F62EA2BFB43}.Debug|Any CPU.Build.0 = Debug|Any CPU
		{9096AEA5-3033-49B9-8E51-3F62EA2BFB43}.Release|Any CPU.ActiveCfg = Release|Any CPU
		{9096AEA5-3033-49B9-8E51-3F62EA2BFB43}.Release|Any CPU.Build.0 = Release|Any CPU
		{06B2B4D9-B332-44F8-8886-567D573DF565}.Debug|Any CPU.ActiveCfg = Debug|Any CPU
		{06B2B4D9-B332-44F8-8886-567D573DF565}.Debug|Any CPU.Build.0 = Debug|Any CPU
		{06B2B4D9-B332-44F8-8886-567D573DF565}.Release|Any CPU.ActiveCfg = Release|Any CPU
		{06B2B4D9-B332-44F8-8886-567D573DF565}.Release|Any CPU.Build.0 = Release|Any CPU
		{F1B914BD-D23B-4D05-AFAC-3A46B102564B}.Debug|Any CPU.ActiveCfg = Debug|Any CPU
		{F1B914BD-D23B-4D05-AFAC-3A46B102564B}.Debug|Any CPU.Build.0 = Debug|Any CPU
		{F1B914BD-D23B-4D05-AFAC-3A46B102564B}.Release|Any CPU.ActiveCfg = Release|Any CPU
		{F1B914BD-D23B-4D05-AFAC-3A46B102564B}.Release|Any CPU.Build.0 = Release|Any CPU
	EndGlobalSection
	GlobalSection(SolutionProperties) = preSolution
		HideSolutionNode = FALSE
	EndGlobalSection
	GlobalSection(ExtensibilityGlobals) = postSolution
		SolutionGuid = {A655979C-D0A6-450A-A035-C02BB284FE54}
	EndGlobalSection
EndGlobal
